
Microsoft Visual Studio Solution File, Format Version 12.00
# Visual Studio 15
VisualStudioVersion = 15.0.28307.329
MinimumVisualStudioVersion = 10.0.40219.1
Project("{FAE04EC0-301F-11D3-BF4B-00C04F79EFBC}") = "storozeva_regina_for_andersen_task3", "storozeva_regina_for_andersen_task3\storozeva_regina_for_andersen_task3.csproj", "{0D9BD7D3-C225-493D-8195-164D968B7CE2}"
EndProject
Global
	GlobalSection(SolutionConfigurationPlatforms) = preSolution
		Debug|Any CPU = Debug|Any CPU
		Release|Any CPU = Release|Any CPU
	EndGlobalSection
	GlobalSection(ProjectConfigurationPlatforms) = postSolution
		{0D9BD7D3-C225-493D-8195-164D968B7CE2}.Debug|Any CPU.ActiveCfg = Debug|Any CPU
		{0D9BD7D3-C225-493D-8195-164D968B7CE2}.Debug|Any CPU.Build.0 = Debug|Any CPU
		{0D9BD7D3-C225-493D-8195-164D968B7CE2}.Release|Any CPU.ActiveCfg = Release|Any CPU
		{0D9BD7D3-C225-493D-8195-164D968B7CE2}.Release|Any CPU.Build.0 = Release|Any CPU
	EndGlobalSection
	GlobalSection(SolutionProperties) = preSolution
		HideSolutionNode = FALSE
	EndGlobalSection
	GlobalSection(ExtensibilityGlobals) = postSolution
		SolutionGuid = {4BF08900-C59C-4ADE-AF6F-2A64C1D4CCF1}
	EndGlobalSection
EndGlobal
