
Microsoft Visual Studio Solution File, Format Version 12.00
# Visual Studio 15
VisualStudioVersion = 15.0.28307.329
MinimumVisualStudioVersion = 10.0.40219.1
Project("{FAE04EC0-301F-11D3-BF4B-00C04F79EFBC}") = "storozheva_regina_for_andersen_task2", "storozheva_regina_for_andersen_task2\storozheva_regina_for_andersen_task2.csproj", "{5F56E794-7FE5-4A24-8548-96B4C4A0059D}"
EndProject
Global
	GlobalSection(SolutionConfigurationPlatforms) = preSolution
		Debug|Any CPU = Debug|Any CPU
		Release|Any CPU = Release|Any CPU
	EndGlobalSection
	GlobalSection(ProjectConfigurationPlatforms) = postSolution
		{5F56E794-7FE5-4A24-8548-96B4C4A0059D}.Debug|Any CPU.ActiveCfg = Debug|Any CPU
		{5F56E794-7FE5-4A24-8548-96B4C4A0059D}.Debug|Any CPU.Build.0 = Debug|Any CPU
		{5F56E794-7FE5-4A24-8548-96B4C4A0059D}.Release|Any CPU.ActiveCfg = Release|Any CPU
		{5F56E794-7FE5-4A24-8548-96B4C4A0059D}.Release|Any CPU.Build.0 = Release|Any CPU
	EndGlobalSection
	GlobalSection(SolutionProperties) = preSolution
		HideSolutionNode = FALSE
	EndGlobalSection
	GlobalSection(ExtensibilityGlobals) = postSolution
		SolutionGuid = {F8114D35-1A57-483E-8BC6-8D7E88B9E5F2}
	EndGlobalSection
EndGlobal
